
Microsoft Visual Studio Solution File, Format Version 12.00
# Visual Studio 14
VisualStudioVersion = 14.0.25420.1
MinimumVisualStudioVersion = 10.0.40219.1
Project("{2150E333-8FDC-42A3-9474-1A3956D46DE8}") = "src", "src", "{46291C87-AA21-457F-B25B-4B3A1EC94E72}"
EndProject
Project("{2150E333-8FDC-42A3-9474-1A3956D46DE8}") = "Solution Items", "Solution Items", "{4B602AA1-8A39-46DD-A5A1-6BBF279D71F3}"
	ProjectSection(SolutionItems) = preProject
		global.json = global.json
	EndProjectSection
EndProject
Project("{8BB2217D-0F2D-49D1-97BC-3654ED321F3B}") = "Texter", "src\Texter\Texter.xproj", "{3C6AF807-704F-4E4D-8925-138DD50ABBC5}"
EndProject
Global
	GlobalSection(SolutionConfigurationPlatforms) = preSolution
		Debug|Any CPU = Debug|Any CPU
		Release|Any CPU = Release|Any CPU
	EndGlobalSection
	GlobalSection(ProjectConfigurationPlatforms) = postSolution
		{3C6AF807-704F-4E4D-8925-138DD50ABBC5}.Debug|Any CPU.ActiveCfg = Debug|Any CPU
		{3C6AF807-704F-4E4D-8925-138DD50ABBC5}.Debug|Any CPU.Build.0 = Debug|Any CPU
		{3C6AF807-704F-4E4D-8925-138DD50ABBC5}.Release|Any CPU.ActiveCfg = Release|Any CPU
		{3C6AF807-704F-4E4D-8925-138DD50ABBC5}.Release|Any CPU.Build.0 = Release|Any CPU
	EndGlobalSection
	GlobalSection(SolutionProperties) = preSolution
		HideSolutionNode = FALSE
	EndGlobalSection
	GlobalSection(NestedProjects) = preSolution
		{3C6AF807-704F-4E4D-8925-138DD50ABBC5} = {46291C87-AA21-457F-B25B-4B3A1EC94E72}
	EndGlobalSection
EndGlobal
